
Microsoft Visual Studio Solution File, Format Version 12.00
Project("{FAE04EC0-301F-11D3-BF4B-00C04F79EFBC}") = "random pass log gen", "random pass log gen\random pass log gen.csproj", "{76946352-9646-42FB-A315-BAA8930F3A3B}"
EndProject
Global
	GlobalSection(SolutionConfigurationPlatforms) = preSolution
		Debug|Any CPU = Debug|Any CPU
		Release|Any CPU = Release|Any CPU
	EndGlobalSection
	GlobalSection(ProjectConfigurationPlatforms) = postSolution
		{76946352-9646-42FB-A315-BAA8930F3A3B}.Debug|Any CPU.ActiveCfg = Debug|Any CPU
		{76946352-9646-42FB-A315-BAA8930F3A3B}.Debug|Any CPU.Build.0 = Debug|Any CPU
		{76946352-9646-42FB-A315-BAA8930F3A3B}.Release|Any CPU.ActiveCfg = Release|Any CPU
		{76946352-9646-42FB-A315-BAA8930F3A3B}.Release|Any CPU.Build.0 = Release|Any CPU
	EndGlobalSection
EndGlobal
